
Microsoft Visual Studio Solution File, Format Version 12.00
# Visual Studio Version 17
VisualStudioVersion = 17.11.35303.130
MinimumVisualStudioVersion = 10.0.40219.1
Project("{9A19103F-16F7-4668-BE54-9A1E7A4F7556}") = "Editor", "FNaF Studio Editor\Editor.csproj", "{6C0EBA8D-A7BB-4A32-BC61-A61FBC48E63C}"
	ProjectSection(ProjectDependencies) = postProject
		{26370898-6E4D-4B4E-BE1D-3E69B1E8DC55} = {26370898-6E4D-4B4E-BE1D-3E69B1E8DC55}
	EndProjectSection
EndProject
Project("{9A19103F-16F7-4668-BE54-9A1E7A4F7556}") = "Runtime", "FNaF Studio Runtime\Runtime.csproj", "{26370898-6E4D-4B4E-BE1D-3E69B1E8DC55}"
EndProject
Global
	GlobalSection(SolutionConfigurationPlatforms) = preSolution
		Debug|Any CPU = Debug|Any CPU
		Release|Any CPU = Release|Any CPU
	EndGlobalSection
	GlobalSection(ProjectConfigurationPlatforms) = postSolution
		{6C0EBA8D-A7BB-4A32-BC61-A61FBC48E63C}.Debug|Any CPU.ActiveCfg = Debug|Any CPU
		{6C0EBA8D-A7BB-4A32-BC61-A61FBC48E63C}.Debug|Any CPU.Build.0 = Debug|Any CPU
		{6C0EBA8D-A7BB-4A32-BC61-A61FBC48E63C}.Release|Any CPU.ActiveCfg = Release|Any CPU
		{6C0EBA8D-A7BB-4A32-BC61-A61FBC48E63C}.Release|Any CPU.Build.0 = Release|Any CPU
		{26370898-6E4D-4B4E-BE1D-3E69B1E8DC55}.Debug|Any CPU.ActiveCfg = Debug|Any CPU
		{26370898-6E4D-4B4E-BE1D-3E69B1E8DC55}.Debug|Any CPU.Build.0 = Debug|Any CPU
		{26370898-6E4D-4B4E-BE1D-3E69B1E8DC55}.Release|Any CPU.ActiveCfg = Release|Any CPU
		{26370898-6E4D-4B4E-BE1D-3E69B1E8DC55}.Release|Any CPU.Build.0 = Release|Any CPU
	EndGlobalSection
	GlobalSection(SolutionProperties) = preSolution
		HideSolutionNode = FALSE
	EndGlobalSection
	GlobalSection(ExtensibilityGlobals) = postSolution
		SolutionGuid = {70C1B421-70BD-4FDF-B0D7-5EC041C2B591}
	EndGlobalSection
EndGlobal
